
Microsoft Visual Studio Solution File, Format Version 12.00
Project("{FAE04EC0-301F-11D3-BF4B-00C04F79EFBC}") = "NbaStats.Core", "NbaStats.Core\NbaStats.Core.csproj", "{C594FF05-F4A1-4313-829B-1B146B45C865}"
EndProject
Project("{FAE04EC0-301F-11D3-BF4B-00C04F79EFBC}") = "NbaStats.DAL", "NbaStats.DAL\NbaStats.DAL.csproj", "{B4D4E60E-55A8-42EA-862E-AD32725F8DB5}"
EndProject
Project("{FAE04EC0-301F-11D3-BF4B-00C04F79EFBC}") = "NbaStats.BLL", "NbaStats.BLL\NbaStats.BLL.csproj", "{54B71378-A08D-4E3A-A22E-819062D40126}"
EndProject
Project("{FAE04EC0-301F-11D3-BF4B-00C04F79EFBC}") = "NbaStats.Tests", "NbaStats.Tests\NbaStats.Tests.csproj", "{B350E1DF-4125-433E-B2FD-44BA5016586B}"
EndProject
Global
	GlobalSection(SolutionConfigurationPlatforms) = preSolution
		Debug|Any CPU = Debug|Any CPU
		Release|Any CPU = Release|Any CPU
	EndGlobalSection
	GlobalSection(ProjectConfigurationPlatforms) = postSolution
		{C594FF05-F4A1-4313-829B-1B146B45C865}.Debug|Any CPU.ActiveCfg = Debug|Any CPU
		{C594FF05-F4A1-4313-829B-1B146B45C865}.Debug|Any CPU.Build.0 = Debug|Any CPU
		{C594FF05-F4A1-4313-829B-1B146B45C865}.Release|Any CPU.ActiveCfg = Release|Any CPU
		{C594FF05-F4A1-4313-829B-1B146B45C865}.Release|Any CPU.Build.0 = Release|Any CPU
		{B4D4E60E-55A8-42EA-862E-AD32725F8DB5}.Debug|Any CPU.ActiveCfg = Debug|Any CPU
		{B4D4E60E-55A8-42EA-862E-AD32725F8DB5}.Debug|Any CPU.Build.0 = Debug|Any CPU
		{B4D4E60E-55A8-42EA-862E-AD32725F8DB5}.Release|Any CPU.ActiveCfg = Release|Any CPU
		{B4D4E60E-55A8-42EA-862E-AD32725F8DB5}.Release|Any CPU.Build.0 = Release|Any CPU
		{54B71378-A08D-4E3A-A22E-819062D40126}.Debug|Any CPU.ActiveCfg = Debug|Any CPU
		{54B71378-A08D-4E3A-A22E-819062D40126}.Debug|Any CPU.Build.0 = Debug|Any CPU
		{54B71378-A08D-4E3A-A22E-819062D40126}.Release|Any CPU.ActiveCfg = Release|Any CPU
		{54B71378-A08D-4E3A-A22E-819062D40126}.Release|Any CPU.Build.0 = Release|Any CPU
		{B350E1DF-4125-433E-B2FD-44BA5016586B}.Debug|Any CPU.ActiveCfg = Debug|Any CPU
		{B350E1DF-4125-433E-B2FD-44BA5016586B}.Debug|Any CPU.Build.0 = Debug|Any CPU
		{B350E1DF-4125-433E-B2FD-44BA5016586B}.Release|Any CPU.ActiveCfg = Release|Any CPU
		{B350E1DF-4125-433E-B2FD-44BA5016586B}.Release|Any CPU.Build.0 = Release|Any CPU
	EndGlobalSection
EndGlobal
