
Microsoft Visual Studio Solution File, Format Version 12.00
Project("{FAE04EC0-301F-11D3-BF4B-00C04F79EFBC}") = "NbaStats.WebApi", "NbaStats.WebApi\NbaStats.WebApi.csproj", "{C594FF05-F4A1-4313-829B-1B146B45C865}"
EndProject
Project("{FAE04EC0-301F-11D3-BF4B-00C04F79EFBC}") = "NbaStats.DAL", "NbaStats.DAL\NbaStats.DAL.csproj", "{B4D4E60E-55A8-42EA-862E-AD32725F8DB5}"
EndProject
Project("{FAE04EC0-301F-11D3-BF4B-00C04F79EFBC}") = "NbaStats.BLL", "NbaStats.BLL\NbaStats.BLL.csproj", "{54B71378-A08D-4E3A-A22E-819062D40126}"
EndProject
Project("{FAE04EC0-301F-11D3-BF4B-00C04F79EFBC}") = "NbaStats.Tests", "NbaStats.Tests\NbaStats.Tests.csproj", "{B350E1DF-4125-433E-B2FD-44BA5016586B}"
EndProject
Project("{FAE04EC0-301F-11D3-BF4B-00C04F79EFBC}") = "PlayerETL", "PlayerETL\PlayerETL.csproj", "{6CE0954D-9C0A-4C56-8104-7165ECAAAD3E}"
EndProject
Project("{2150E333-8FDC-42A3-9474-1A3956D46DE8}") = "ETL", "ETL", "{88BBFF6A-04BE-40FE-B810-803EC1AB0343}"
EndProject
Project("{FAE04EC0-301F-11D3-BF4B-00C04F79EFBC}") = "MatchETL", "MatchETL\MatchETL.csproj", "{893BA961-20E2-47E7-B92B-16A606DE1501}"
EndProject
Project("{FAE04EC0-301F-11D3-BF4B-00C04F79EFBC}") = "SeasonETL", "SeasonETL\SeasonETL.csproj", "{4012E7E7-0FC6-4323-821C-F5F080AB51A2}"
EndProject
Project("{FAE04EC0-301F-11D3-BF4B-00C04F79EFBC}") = "StatsETL", "StatsETL\StatsETL.csproj", "{481E5D3E-7F5C-4B6F-8064-9F9B309A5B3D}"
EndProject
Project("{FAE04EC0-301F-11D3-BF4B-00C04F79EFBC}") = "TeamStatETL", "TeamStatETL\TeamStatETL.csproj", "{236229D7-0C02-4CAC-AC94-F6CDEB9BED66}"
EndProject
Project("{FAE04EC0-301F-11D3-BF4B-00C04F79EFBC}") = "PlayerSeasonAverageETL", "PlayerSeasonAverageETL\PlayerSeasonAverageETL.csproj", "{9A3D0CAC-A184-492E-9D75-A3BD63562856}"
EndProject
Project("{FAE04EC0-301F-11D3-BF4B-00C04F79EFBC}") = "TeamSeasonAvergaeETL", "TeamSeasonAvergaeETL\TeamSeasonAvergaeETL.csproj", "{237B7CEA-016C-479F-9416-F2E627D3C746}"
EndProject
Project("{FAE04EC0-301F-11D3-BF4B-00C04F79EFBC}") = "NbaStats.UAL", "NbaStats.UAL\NbaStats.UAL.csproj", "{F3969BC4-ABD2-43A6-9B33-39E807160C2C}"
EndProject
Global
	GlobalSection(SolutionConfigurationPlatforms) = preSolution
		Debug|Any CPU = Debug|Any CPU
		Release|Any CPU = Release|Any CPU
	EndGlobalSection
	GlobalSection(ProjectConfigurationPlatforms) = postSolution
		{C594FF05-F4A1-4313-829B-1B146B45C865}.Debug|Any CPU.ActiveCfg = Debug|Any CPU
		{C594FF05-F4A1-4313-829B-1B146B45C865}.Debug|Any CPU.Build.0 = Debug|Any CPU
		{C594FF05-F4A1-4313-829B-1B146B45C865}.Release|Any CPU.ActiveCfg = Release|Any CPU
		{C594FF05-F4A1-4313-829B-1B146B45C865}.Release|Any CPU.Build.0 = Release|Any CPU
		{B4D4E60E-55A8-42EA-862E-AD32725F8DB5}.Debug|Any CPU.ActiveCfg = Debug|Any CPU
		{B4D4E60E-55A8-42EA-862E-AD32725F8DB5}.Debug|Any CPU.Build.0 = Debug|Any CPU
		{B4D4E60E-55A8-42EA-862E-AD32725F8DB5}.Release|Any CPU.ActiveCfg = Release|Any CPU
		{B4D4E60E-55A8-42EA-862E-AD32725F8DB5}.Release|Any CPU.Build.0 = Release|Any CPU
		{54B71378-A08D-4E3A-A22E-819062D40126}.Debug|Any CPU.ActiveCfg = Debug|Any CPU
		{54B71378-A08D-4E3A-A22E-819062D40126}.Debug|Any CPU.Build.0 = Debug|Any CPU
		{54B71378-A08D-4E3A-A22E-819062D40126}.Release|Any CPU.ActiveCfg = Release|Any CPU
		{54B71378-A08D-4E3A-A22E-819062D40126}.Release|Any CPU.Build.0 = Release|Any CPU
		{B350E1DF-4125-433E-B2FD-44BA5016586B}.Debug|Any CPU.ActiveCfg = Debug|Any CPU
		{B350E1DF-4125-433E-B2FD-44BA5016586B}.Debug|Any CPU.Build.0 = Debug|Any CPU
		{B350E1DF-4125-433E-B2FD-44BA5016586B}.Release|Any CPU.ActiveCfg = Release|Any CPU
		{B350E1DF-4125-433E-B2FD-44BA5016586B}.Release|Any CPU.Build.0 = Release|Any CPU
		{6CE0954D-9C0A-4C56-8104-7165ECAAAD3E}.Debug|Any CPU.ActiveCfg = Debug|Any CPU
		{6CE0954D-9C0A-4C56-8104-7165ECAAAD3E}.Debug|Any CPU.Build.0 = Debug|Any CPU
		{6CE0954D-9C0A-4C56-8104-7165ECAAAD3E}.Release|Any CPU.ActiveCfg = Release|Any CPU
		{6CE0954D-9C0A-4C56-8104-7165ECAAAD3E}.Release|Any CPU.Build.0 = Release|Any CPU
		{893BA961-20E2-47E7-B92B-16A606DE1501}.Debug|Any CPU.ActiveCfg = Debug|Any CPU
		{893BA961-20E2-47E7-B92B-16A606DE1501}.Debug|Any CPU.Build.0 = Debug|Any CPU
		{893BA961-20E2-47E7-B92B-16A606DE1501}.Release|Any CPU.ActiveCfg = Release|Any CPU
		{893BA961-20E2-47E7-B92B-16A606DE1501}.Release|Any CPU.Build.0 = Release|Any CPU
		{4012E7E7-0FC6-4323-821C-F5F080AB51A2}.Debug|Any CPU.ActiveCfg = Debug|Any CPU
		{4012E7E7-0FC6-4323-821C-F5F080AB51A2}.Debug|Any CPU.Build.0 = Debug|Any CPU
		{4012E7E7-0FC6-4323-821C-F5F080AB51A2}.Release|Any CPU.ActiveCfg = Release|Any CPU
		{4012E7E7-0FC6-4323-821C-F5F080AB51A2}.Release|Any CPU.Build.0 = Release|Any CPU
		{481E5D3E-7F5C-4B6F-8064-9F9B309A5B3D}.Debug|Any CPU.ActiveCfg = Debug|Any CPU
		{481E5D3E-7F5C-4B6F-8064-9F9B309A5B3D}.Debug|Any CPU.Build.0 = Debug|Any CPU
		{481E5D3E-7F5C-4B6F-8064-9F9B309A5B3D}.Release|Any CPU.ActiveCfg = Release|Any CPU
		{481E5D3E-7F5C-4B6F-8064-9F9B309A5B3D}.Release|Any CPU.Build.0 = Release|Any CPU
		{236229D7-0C02-4CAC-AC94-F6CDEB9BED66}.Debug|Any CPU.ActiveCfg = Debug|Any CPU
		{236229D7-0C02-4CAC-AC94-F6CDEB9BED66}.Debug|Any CPU.Build.0 = Debug|Any CPU
		{236229D7-0C02-4CAC-AC94-F6CDEB9BED66}.Release|Any CPU.ActiveCfg = Release|Any CPU
		{236229D7-0C02-4CAC-AC94-F6CDEB9BED66}.Release|Any CPU.Build.0 = Release|Any CPU
		{9A3D0CAC-A184-492E-9D75-A3BD63562856}.Debug|Any CPU.ActiveCfg = Debug|Any CPU
		{9A3D0CAC-A184-492E-9D75-A3BD63562856}.Debug|Any CPU.Build.0 = Debug|Any CPU
		{9A3D0CAC-A184-492E-9D75-A3BD63562856}.Release|Any CPU.ActiveCfg = Release|Any CPU
		{9A3D0CAC-A184-492E-9D75-A3BD63562856}.Release|Any CPU.Build.0 = Release|Any CPU
		{237B7CEA-016C-479F-9416-F2E627D3C746}.Debug|Any CPU.ActiveCfg = Debug|Any CPU
		{237B7CEA-016C-479F-9416-F2E627D3C746}.Debug|Any CPU.Build.0 = Debug|Any CPU
		{237B7CEA-016C-479F-9416-F2E627D3C746}.Release|Any CPU.ActiveCfg = Release|Any CPU
		{237B7CEA-016C-479F-9416-F2E627D3C746}.Release|Any CPU.Build.0 = Release|Any CPU
		{F3969BC4-ABD2-43A6-9B33-39E807160C2C}.Debug|Any CPU.ActiveCfg = Debug|Any CPU
		{F3969BC4-ABD2-43A6-9B33-39E807160C2C}.Debug|Any CPU.Build.0 = Debug|Any CPU
		{F3969BC4-ABD2-43A6-9B33-39E807160C2C}.Release|Any CPU.ActiveCfg = Release|Any CPU
		{F3969BC4-ABD2-43A6-9B33-39E807160C2C}.Release|Any CPU.Build.0 = Release|Any CPU
	EndGlobalSection
	GlobalSection(NestedProjects) = preSolution
		{6CE0954D-9C0A-4C56-8104-7165ECAAAD3E} = {88BBFF6A-04BE-40FE-B810-803EC1AB0343}
		{893BA961-20E2-47E7-B92B-16A606DE1501} = {88BBFF6A-04BE-40FE-B810-803EC1AB0343}
		{4012E7E7-0FC6-4323-821C-F5F080AB51A2} = {88BBFF6A-04BE-40FE-B810-803EC1AB0343}
		{481E5D3E-7F5C-4B6F-8064-9F9B309A5B3D} = {88BBFF6A-04BE-40FE-B810-803EC1AB0343}
		{236229D7-0C02-4CAC-AC94-F6CDEB9BED66} = {88BBFF6A-04BE-40FE-B810-803EC1AB0343}
		{9A3D0CAC-A184-492E-9D75-A3BD63562856} = {88BBFF6A-04BE-40FE-B810-803EC1AB0343}
		{237B7CEA-016C-479F-9416-F2E627D3C746} = {88BBFF6A-04BE-40FE-B810-803EC1AB0343}
	EndGlobalSection
EndGlobal
